{
  "object": {
    "pins": [
      {
        "package": "iLineChart",
        "repositoryURL": "https://github.com/AlexFine/iLineChart.git",
        "state": {
          "branch": null,
          "revision": "683279134c561cfa59a4cee9ecdfab177858f4ed",
          "version": "1.6.4"
        }
      }
    ]
  },
  "version": 1
}
